Microsoft Visual Studio Solution File, Format Version 12.00
# Visual Studio 2012
Project("{FAE04EC0-301F-11D3-BF4B-00C04F79EFBC}") = "RougeLite", "RougeLite.csproj", "{BEB3654E-9A4D-4E91-A07B-6EC86DE1972A}"
EndProject
Global
	GlobalSection(SolutionConfigurationPlatforms) = preSolution
	Debug|Any CPU = Debug|Any CPU
	ExportDebug|Any CPU = ExportDebug|Any CPU
	ExportRelease|Any CPU = ExportRelease|Any CPU
	EndGlobalSection
	GlobalSection(ProjectConfigurationPlatforms) = postSolution
		{BEB3654E-9A4D-4E91-A07B-6EC86DE1972A}.Debug|Any CPU.ActiveCfg = Debug|Any CPU
		{BEB3654E-9A4D-4E91-A07B-6EC86DE1972A}.Debug|Any CPU.Build.0 = Debug|Any CPU
		{BEB3654E-9A4D-4E91-A07B-6EC86DE1972A}.ExportDebug|Any CPU.ActiveCfg = ExportDebug|Any CPU
		{BEB3654E-9A4D-4E91-A07B-6EC86DE1972A}.ExportDebug|Any CPU.Build.0 = ExportDebug|Any CPU
		{BEB3654E-9A4D-4E91-A07B-6EC86DE1972A}.ExportRelease|Any CPU.ActiveCfg = ExportRelease|Any CPU
		{BEB3654E-9A4D-4E91-A07B-6EC86DE1972A}.ExportRelease|Any CPU.Build.0 = ExportRelease|Any CPU
	EndGlobalSection
EndGlobal
